
Microsoft Visual Studio Solution File, Format Version 12.00
# Visual Studio 15
VisualStudioVersion = 15.0.28307.572
MinimumVisualStudioVersion = 10.0.40219.1
Project("{FAE04EC0-301F-11D3-BF4B-00C04F79EFBC}") = "WebApi.Giris", "WebApi.Giris\WebApi.Giris.csproj", "{3B8BB5E4-6F2F-48C6-9634-5F89D0E88F61}"
EndProject
Global
	GlobalSection(SolutionConfigurationPlatforms) = preSolution
		Debug|Any CPU = Debug|Any CPU
		Release|Any CPU = Release|Any CPU
	EndGlobalSection
	GlobalSection(ProjectConfigurationPlatforms) = postSolution
		{3B8BB5E4-6F2F-48C6-9634-5F89D0E88F61}.Debug|Any CPU.ActiveCfg = Debug|Any CPU
		{3B8BB5E4-6F2F-48C6-9634-5F89D0E88F61}.Debug|Any CPU.Build.0 = Debug|Any CPU
		{3B8BB5E4-6F2F-48C6-9634-5F89D0E88F61}.Release|Any CPU.ActiveCfg = Release|Any CPU
		{3B8BB5E4-6F2F-48C6-9634-5F89D0E88F61}.Release|Any CPU.Build.0 = Release|Any CPU
	EndGlobalSection
	GlobalSection(SolutionProperties) = preSolution
		HideSolutionNode = FALSE
	EndGlobalSection
	GlobalSection(ExtensibilityGlobals) = postSolution
		SolutionGuid = {5C4DA77B-FE40-4D6C-9670-760EA3054521}
	EndGlobalSection
EndGlobal
